
Microsoft Visual Studio Solution File, Format Version 11.00
# Visual Studio 2010
Project("{FAE04EC0-301F-11D3-BF4B-00C04F79EFBC}") = "Assembly-CSharp", "Assembly-CSharp.csproj", "{fb9e2a84-08fd-4e32-01bc-425104f12663}"
EndProject
Global
	GlobalSection(SolutionConfigurationPlatforms) = preSolution
		Debug|Any CPU = Debug|Any CPU
		Release|Any CPU = Release|Any CPU
	EndGlobalSection
	GlobalSection(ProjectConfigurationPlatforms) = postSolution
		{fb9e2a84-08fd-4e32-01bc-425104f12663}.Debug|Any CPU.ActiveCfg = Debug|Any CPU
		{fb9e2a84-08fd-4e32-01bc-425104f12663}.Debug|Any CPU.Build.0 = Debug|Any CPU
		{fb9e2a84-08fd-4e32-01bc-425104f12663}.Release|Any CPU.ActiveCfg = Release|Any CPU
		{fb9e2a84-08fd-4e32-01bc-425104f12663}.Release|Any CPU.Build.0 = Release|Any CPU
	EndGlobalSection
	GlobalSection(SolutionProperties) = preSolution
		HideSolutionNode = FALSE
	EndGlobalSection
EndGlobal
